github.com/jonathon-chew/Aphrodite v1.0.25 h1:jWARaGV9oT4ilAoxo/FkJni0zQe3/j27jCf60xNEwOE=
github.com/jonathon-chew/Aphrodite v1.0.25/go.mod h1:tzCa06G5iPIelSpK6eVVwdCbGPDH+L3Uyf+HNzlKUIc=
github.com/jonathon-chew/Aphrodite v1.1.1 h1:i46WLiqaRLIQ8XmboIEmplNqhvyON50GSCjhkdOhHlE=
github.com/jonathon-chew/Aphrodite v1.1.1/go.mod h1:tzCa06G5iPIelSpK6eVVwdCbGPDH+L3Uyf+HNzlKUIc=
github.com/jonathon-chew/Aphrodite v1.2.2 h1:ToI2zFB5JyWxHPQmyAzhRUfDOFIyUEcb1fwl7tJZAkM=
github.com/jonathon-chew/Aphrodite v1.2.2/go.mod h1:kpxi4K8ErePKTqzSFnJkzTglPF2UN/ayE0+3QowGyhA=
github.com/jonathon-chew/Aphrodite v1.3.36 h1:NKYUqSw+KDXq8vtZ4TyXbOfmk4hZ4mtO1pSzppWLCgs=
github.com/jonathon-chew/Aphrodite v1.3.36/go.mod h1:kpxi4K8ErePKTqzSFnJkzTglPF2UN/ayE0+3QowGyhA=
